// !$*UTF8*$!
{
	archiveVersion = 1;
	classes = {
	};
	objectVersion = 51;
	objects = {

/* Begin PBXBuildFile section */
		808FD0EA25666E7500C3A6AC /* AppDelegate.swift in Sources */ = {isa = PBXBuildFile; fileRef = 808FD0E925666E7500C3A6AC /* AppDelegate.swift */; };
		808FD0EC25666E7500C3A6AC /* SceneDelegate.swift in Sources */ = {isa = PBXBuildFile; fileRef = 808FD0EB25666E7500C3A6AC /* SceneDelegate.swift */; };
		808FD0EE25666E7500C3A6AC /* HomeController.swift in Sources */ = {isa = PBXBuildFile; fileRef = 808FD0ED25666E7500C3A6AC /* HomeController.swift */; };
		808FD0F325666E7700C3A6AC /* Assets.xcassets in Resources */ = {isa = PBXBuildFile; fileRef = 808FD0F225666E7700C3A6AC /* Assets.xcassets */; };
		808FD0F625666E7700C3A6AC /* LaunchScreen.storyboard in Resources */ = {isa = PBXBuildFile; fileRef = 808FD0F425666E7700C3A6AC /* LaunchScreen.storyboard */; };
		808FD10A256675B200C3A6AC /* Extensions+UIView.swift in Sources */ = {isa = PBXBuildFile; fileRef = 808FD109256675B200C3A6AC /* Extensions+UIView.swift */; };
		808FD110256684F600C3A6AC /* HomeBottomControlsStackView.swift in Sources */ = {isa = PBXBuildFile; fileRef = 808FD10D256684F600C3A6AC /* HomeBottomControlsStackView.swift */; };
		808FD111256684F600C3A6AC /* TopNavigationStackView.swift in Sources */ = {isa = PBXBuildFile; fileRef = 808FD10E256684F600C3A6AC /* TopNavigationStackView.swift */; };
		808FD112256684F600C3A6AC /* CardView.swift in Sources */ = {isa = PBXBuildFile; fileRef = 808FD10F256684F600C3A6AC /* CardView.swift */; };
		808FD1162566879200C3A6AC /* Advertiser.swift in Sources */ = {isa = PBXBuildFile; fileRef = 808FD1142566879200C3A6AC /* Advertiser.swift */; };
		808FD1172566879200C3A6AC /* User.swift in Sources */ = {isa = PBXBuildFile; fileRef = 808FD1152566879200C3A6AC /* User.swift */; };
		808FD11B2566884300C3A6AC /* CardViewModel.swift in Sources */ = {isa = PBXBuildFile; fileRef = 808FD11A2566884300C3A6AC /* CardViewModel.swift */; };
		808FD15A2574D88900C3A6AC /* GoogleService-Info.plist in Resources */ = {isa = PBXBuildFile; fileRef = 808FD1592574D88900C3A6AC /* GoogleService-Info.plist */; };
		808FD177257513EB00C3A6AC /* RegistrationController.swift in Sources */ = {isa = PBXBuildFile; fileRef = 808FD176257513EA00C3A6AC /* RegistrationController.swift */; };
		808FD1882575142500C3A6AC /* RegistrationViewModel.swift in Sources */ = {isa = PBXBuildFile; fileRef = 808FD1872575142500C3A6AC /* RegistrationViewModel.swift */; };
		808FD18B2575143000C3A6AC /* Bindable.swift in Sources */ = {isa = PBXBuildFile; fileRef = 808FD18A2575143000C3A6AC /* Bindable.swift */; };
		808FD19E2575157500C3A6AC /* CustomTextField.swift in Sources */ = {isa = PBXBuildFile; fileRef = 808FD19D2575157500C3A6AC /* CustomTextField.swift */; };
		D9EBC8EC607FFDC66A64FDF9 /* Pods_TinderCloneFirestore.framework in Frameworks */ = {isa = PBXBuildFile; fileRef = 110020DED3DFAAC81E4FCFBC /* Pods_TinderCloneFirestore.framework */; };
/* End PBXBuildFile section */

/* Begin PBXFileReference section */
		110020DED3DFAAC81E4FCFBC /* Pods_TinderCloneFirestore.framework */ = {isa = PBXFileReference; explicitFileType = wrapper.framework; includeInIndex = 0; path = Pods_TinderCloneFirestore.framework; sourceTree = BUILT_PRODUCTS_DIR; };
		384A452400DBAEDE20D609D8 /* Pods-TinderCloneFirestore.debug.xcconfig */ = {isa = PBXFileReference; includeInIndex = 1; lastKnownFileType = text.xcconfig; name = "Pods-TinderCloneFirestore.debug.xcconfig"; path = "Target Support Files/Pods-TinderCloneFirestore/Pods-TinderCloneFirestore.debug.xcconfig"; sourceTree = "<group>"; };
		5A296F39F31F1E6F295EF7B7 /* Pods-TinderCloneFirestore.release.xcconfig */ = {isa = PBXFileReference; includeInIndex = 1; lastKnownFileType = text.xcconfig; name = "Pods-TinderCloneFirestore.release.xcconfig"; path = "Target Support Files/Pods-TinderCloneFirestore/Pods-TinderCloneFirestore.release.xcconfig"; sourceTree = "<group>"; };
		808FD0E625666E7500C3A6AC /* TinderCloneFirestore.app */ = {isa = PBXFileReference; explicitFileType = wrapper.application; includeInIndex = 0; path = TinderCloneFirestore.app; sourceTree = BUILT_PRODUCTS_DIR; };
		808FD0E925666E7500C3A6AC /* AppDelegate.swift */ = {isa = PBXFileReference; lastKnownFileType = sourcecode.swift; path = AppDelegate.swift; sourceTree = "<group>"; };
		808FD0EB25666E7500C3A6AC /* SceneDelegate.swift */ = {isa = PBXFileReference; lastKnownFileType = sourcecode.swift; path = SceneDelegate.swift; sourceTree = "<group>"; };
		808FD0ED25666E7500C3A6AC /* HomeController.swift */ = {isa = PBXFileReference; lastKnownFileType = sourcecode.swift; path = HomeController.swift; sourceTree = "<group>"; };
		808FD0F225666E7700C3A6AC /* Assets.xcassets */ = {isa = PBXFileReference; lastKnownFileType = folder.assetcatalog; path = Assets.xcassets; sourceTree = "<group>"; };
		808FD0F525666E7700C3A6AC /* Base */ = {isa = PBXFileReference; lastKnownFileType = file.storyboard; name = Base; path = Base.lproj/LaunchScreen.storyboard; sourceTree = "<group>"; };
		808FD0F725666E7700C3A6AC /* Info.plist */ = {isa = PBXFileReference; lastKnownFileType = text.plist.xml; path = Info.plist; sourceTree = "<group>"; };
		808FD109256675B200C3A6AC /* Extensions+UIView.swift */ = {isa = PBXFileReference; lastKnownFileType = sourcecode.swift; path = "Extensions+UIView.swift"; sourceTree = "<group>"; };
		808FD10D256684F600C3A6AC /* HomeBottomControlsStackView.swift */ = {isa = PBXFileReference; fileEncoding = 4; lastKnownFileType = sourcecode.swift; path = HomeBottomControlsStackView.swift; sourceTree = "<group>"; };
		808FD10E256684F600C3A6AC /* TopNavigationStackView.swift */ = {isa = PBXFileReference; fileEncoding = 4; lastKnownFileType = sourcecode.swift; path = TopNavigationStackView.swift; sourceTree = "<group>"; };
		808FD10F256684F600C3A6AC /* CardView.swift */ = {isa = PBXFileReference; fileEncoding = 4; lastKnownFileType = sourcecode.swift; path = CardView.swift; sourceTree = "<group>"; };
		808FD1142566879200C3A6AC /* Advertiser.swift */ = {isa = PBXFileReference; fileEncoding = 4; lastKnownFileType = sourcecode.swift; path = Advertiser.swift; sourceTree = "<group>"; };
		808FD1152566879200C3A6AC /* User.swift */ = {isa = PBXFileReference; fileEncoding = 4; lastKnownFileType = sourcecode.swift; path = User.swift; sourceTree = "<group>"; };
		808FD11A2566884300C3A6AC /* CardViewModel.swift */ = {isa = PBXFileReference; lastKnownFileType = sourcecode.swift; path = CardViewModel.swift; sourceTree = "<group>"; };
		808FD1592574D88900C3A6AC /* GoogleService-Info.plist */ = {isa = PBXFileReference; fileEncoding = 4; lastKnownFileType = text.plist.xml; path = "GoogleService-Info.plist"; sourceTree = "<group>"; };
		808FD176257513EA00C3A6AC /* RegistrationController.swift */ = {isa = PBXFileReference; lastKnownFileType = sourcecode.swift; path = RegistrationController.swift; sourceTree = "<group>"; };
		808FD1872575142500C3A6AC /* RegistrationViewModel.swift */ = {isa = PBXFileReference; lastKnownFileType = sourcecode.swift; path = RegistrationViewModel.swift; sourceTree = "<group>"; };
		808FD18A2575143000C3A6AC /* Bindable.swift */ = {isa = PBXFileReference; lastKnownFileType = sourcecode.swift; path = Bindable.swift; sourceTree = "<group>"; };
		808FD19D2575157500C3A6AC /* CustomTextField.swift */ = {isa = PBXFileReference; lastKnownFileType = sourcecode.swift; path = CustomTextField.swift; sourceTree = "<group>"; };
/* End PBXFileReference section */

/* Begin PBXFrameworksBuildPhase section */
		808FD0E325666E7500C3A6AC /* Frameworks */ = {
			isa = PBXFrameworksBuildPhase;
			buildActionMask = 2147483647;
			files = (
				D9EBC8EC607FFDC66A64FDF9 /* Pods_TinderCloneFirestore.framework in Frameworks */,
			);
			runOnlyForDeploymentPostprocessing = 0;
		};
/* End PBXFrameworksBuildPhase section */

/* Begin PBXGroup section */
		808FD0DD25666E7400C3A6AC = {
			isa = PBXGroup;
			children = (
				808FD0E825666E7500C3A6AC /* TinderCloneFirestore */,
				808FD0E725666E7500C3A6AC /* Products */,
				A40D87130ED77CE5B9C17F84 /* Pods */,
				EB0DC89E93C77D961224DE7A /* Frameworks */,
			);
			sourceTree = "<group>";
		};
		808FD0E725666E7500C3A6AC /* Products */ = {
			isa = PBXGroup;
			children = (
				808FD0E625666E7500C3A6AC /* TinderCloneFirestore.app */,
			);
			name = Products;
			sourceTree = "<group>";
		};
		808FD0E825666E7500C3A6AC /* TinderCloneFirestore */ = {
			isa = PBXGroup;
			children = (
				808FD0E925666E7500C3A6AC /* AppDelegate.swift */,
				808FD0EB25666E7500C3A6AC /* SceneDelegate.swift */,
				808FD1592574D88900C3A6AC /* GoogleService-Info.plist */,
				808FD105256674F600C3A6AC /* Views */,
				808FD104256674EF00C3A6AC /* Controllers */,
				808FD1082566752500C3A6AC /* Extension */,
				808FD1072566750E00C3A6AC /* View Model */,
				808FD106256674FD00C3A6AC /* Model */,
				808FD0F225666E7700C3A6AC /* Assets.xcassets */,
				808FD0F425666E7700C3A6AC /* LaunchScreen.storyboard */,
				808FD0F725666E7700C3A6AC /* Info.plist */,
			);
			path = TinderCloneFirestore;
			sourceTree = "<group>";
		};
		808FD104256674EF00C3A6AC /* Controllers */ = {
			isa = PBXGroup;
			children = (
				808FD0ED25666E7500C3A6AC /* HomeController.swift */,
				808FD176257513EA00C3A6AC /* RegistrationController.swift */,
			);
			path = Controllers;
			sourceTree = "<group>";
		};
		808FD105256674F600C3A6AC /* Views */ = {
			isa = PBXGroup;
			children = (
				808FD10F256684F600C3A6AC /* CardView.swift */,
				808FD10D256684F600C3A6AC /* HomeBottomControlsStackView.swift */,
				808FD10E256684F600C3A6AC /* TopNavigationStackView.swift */,
				808FD19D2575157500C3A6AC /* CustomTextField.swift */,
			);
			path = Views;
			sourceTree = "<group>";
		};
		808FD106256674FD00C3A6AC /* Model */ = {
			isa = PBXGroup;
			children = (
				808FD1142566879200C3A6AC /* Advertiser.swift */,
				808FD1152566879200C3A6AC /* User.swift */,
			);
			path = Model;
			sourceTree = "<group>";
		};
		808FD1072566750E00C3A6AC /* View Model */ = {
			isa = PBXGroup;
			children = (
				808FD11A2566884300C3A6AC /* CardViewModel.swift */,
				808FD1872575142500C3A6AC /* RegistrationViewModel.swift */,
				808FD18A2575143000C3A6AC /* Bindable.swift */,
			);
			path = "View Model";
			sourceTree = "<group>";
		};
		808FD1082566752500C3A6AC /* Extension */ = {
			isa = PBXGroup;
			children = (
				808FD109256675B200C3A6AC /* Extensions+UIView.swift */,
			);
			path = Extension;
			sourceTree = "<group>";
		};
		A40D87130ED77CE5B9C17F84 /* Pods */ = {
			isa = PBXGroup;
			children = (
				384A452400DBAEDE20D609D8 /* Pods-TinderCloneFirestore.debug.xcconfig */,
				5A296F39F31F1E6F295EF7B7 /* Pods-TinderCloneFirestore.release.xcconfig */,
			);
			path = Pods;
			sourceTree = "<group>";
		};
		EB0DC89E93C77D961224DE7A /* Frameworks */ = {
			isa = PBXGroup;
			children = (
				110020DED3DFAAC81E4FCFBC /* Pods_TinderCloneFirestore.framework */,
			);
			name = Frameworks;
			sourceTree = "<group>";
		};
/* End PBXGroup section */

/* Begin PBXNativeTarget section */
		808FD0E525666E7500C3A6AC /* TinderCloneFirestore */ = {
			isa = PBXNativeTarget;
			buildConfigurationList = 808FD0FA25666E7700C3A6AC /* Build configuration list for PBXNativeTarget "TinderCloneFirestore" */;
			buildPhases = (
				334B3EC0BC1ACFD07B207517 /* [CP] Check Pods Manifest.lock */,
				808FD0E225666E7500C3A6AC /* Sources */,
				808FD0E325666E7500C3A6AC /* Frameworks */,
				808FD0E425666E7500C3A6AC /* Resources */,
				20CFF497C680141EA2B6BC5D /* [CP] Embed Pods Frameworks */,
			);
			buildRules = (
			);
			dependencies = (
			);
			name = TinderCloneFirestore;
			productName = TinderCloneFirestore;
			productReference = 808FD0E625666E7500C3A6AC /* TinderCloneFirestore.app */;
			productType = "com.apple.product-type.application";
		};
/* End PBXNativeTarget section */

/* Begin PBXProject section */
		808FD0DE25666E7400C3A6AC /* Project object */ = {
			isa = PBXProject;
			attributes = {
				LastSwiftUpdateCheck = 1200;
				LastUpgradeCheck = 1200;
				TargetAttributes = {
					808FD0E525666E7500C3A6AC = {
						CreatedOnToolsVersion = 12.0.1;
					};
				};
			};
			buildConfigurationList = 808FD0E125666E7400C3A6AC /* Build configuration list for PBXProject "TinderCloneFirestore" */;
			compatibilityVersion = "Xcode 9.3";
			developmentRegion = en;
			hasScannedForEncodings = 0;
			knownRegions = (
				en,
				Base,
			);
			mainGroup = 808FD0DD25666E7400C3A6AC;
			productRefGroup = 808FD0E725666E7500C3A6AC /* Products */;
			projectDirPath = "";
			projectRoot = "";
			targets = (
				808FD0E525666E7500C3A6AC /* TinderCloneFirestore */,
			);
		};
/* End PBXProject section */

/* Begin PBXResourcesBuildPhase section */
		808FD0E425666E7500C3A6AC /* Resources */ = {
			isa = PBXResourcesBuildPhase;
			buildActionMask = 2147483647;
			files = (
				808FD0F625666E7700C3A6AC /* LaunchScreen.storyboard in Resources */,
				808FD0F325666E7700C3A6AC /* Assets.xcassets in Resources */,
				808FD15A2574D88900C3A6AC /* GoogleService-Info.plist in Resources */,
			);
			runOnlyForDeploymentPostprocessing = 0;
		};
/* End PBXResourcesBuildPhase section */

/* Begin PBXShellScriptBuildPhase section */
		20CFF497C680141EA2B6BC5D /* [CP] Embed Pods Frameworks */ = {
			isa = PBXShellScriptBuildPhase;
			buildActionMask = 2147483647;
			files = (
			);
			inputFileListPaths = (
				"${PODS_ROOT}/Target Support Files/Pods-TinderCloneFirestore/Pods-TinderCloneFirestore-frameworks-${CONFIGURATION}-input-files.xcfilelist",
			);
			name = "[CP] Embed Pods Frameworks";
			outputFileListPaths = (
				"${PODS_ROOT}/Target Support Files/Pods-TinderCloneFirestore/Pods-TinderCloneFirestore-frameworks-${CONFIGURATION}-output-files.xcfilelist",
			);
			runOnlyForDeploymentPostprocessing = 0;
			shellPath = /bin/sh;
			shellScript = "\"${PODS_ROOT}/Target Support Files/Pods-TinderCloneFirestore/Pods-TinderCloneFirestore-frameworks.sh\"\n";
			showEnvVarsInLog = 0;
		};
		334B3EC0BC1ACFD07B207517 /* [CP] Check Pods Manifest.lock */ = {
			isa = PBXShellScriptBuildPhase;
			buildActionMask = 2147483647;
			files = (
			);
			inputFileListPaths = (
			);
			inputPaths = (
				"${PODS_PODFILE_DIR_PATH}/Podfile.lock",
				"${PODS_ROOT}/Manifest.lock",
			);
			name = "[CP] Check Pods Manifest.lock";
			outputFileListPaths = (
			);
			outputPaths = (
				"$(DERIVED_FILE_DIR)/Pods-TinderCloneFirestore-checkManifestLockResult.txt",
			);
			runOnlyForDeploymentPostprocessing = 0;
			shellPath = /bin/sh;
			shellScript = "diff \"${PODS_PODFILE_DIR_PATH}/Podfile.lock\" \"${PODS_ROOT}/Manifest.lock\" > /dev/null\nif [ $? != 0 ] ; then\n    # print error to STDERR\n    echo \"error: The sandbox is not in sync with the Podfile.lock. Run 'pod install' or update your CocoaPods installation.\" >&2\n    exit 1\nfi\n# This output is used by Xcode 'outputs' to avoid re-running this script phase.\necho \"SUCCESS\" > \"${SCRIPT_OUTPUT_FILE_0}\"\n";
			showEnvVarsInLog = 0;
		};
/* End PBXShellScriptBuildPhase section */

/* Begin PBXSourcesBuildPhase section */
		808FD0E225666E7500C3A6AC /* Sources */ = {
			isa = PBXSourcesBuildPhase;
			buildActionMask = 2147483647;
			files = (
				808FD19E2575157500C3A6AC /* CustomTextField.swift in Sources */,
				808FD18B2575143000C3A6AC /* Bindable.swift in Sources */,
				808FD112256684F600C3A6AC /* CardView.swift in Sources */,
				808FD1882575142500C3A6AC /* RegistrationViewModel.swift in Sources */,
				808FD0EE25666E7500C3A6AC /* HomeController.swift in Sources */,
				808FD0EA25666E7500C3A6AC /* AppDelegate.swift in Sources */,
				808FD110256684F600C3A6AC /* HomeBottomControlsStackView.swift in Sources */,
				808FD11B2566884300C3A6AC /* CardViewModel.swift in Sources */,
				808FD1162566879200C3A6AC /* Advertiser.swift in Sources */,
				808FD177257513EB00C3A6AC /* RegistrationController.swift in Sources */,
				808FD1172566879200C3A6AC /* User.swift in Sources */,
				808FD111256684F600C3A6AC /* TopNavigationStackView.swift in Sources */,
				808FD10A256675B200C3A6AC /* Extensions+UIView.swift in Sources */,
				808FD0EC25666E7500C3A6AC /* SceneDelegate.swift in Sources */,
			);
			runOnlyForDeploymentPostprocessing = 0;
		};
/* End PBXSourcesBuildPhase section */

/* Begin PBXVariantGroup section */
		808FD0F425666E7700C3A6AC /* LaunchScreen.storyboard */ = {
			isa = PBXVariantGroup;
			children = (
				808FD0F525666E7700C3A6AC /* Base */,
			);
			name = LaunchScreen.storyboard;
			sourceTree = "<group>";
		};
/* End PBXVariantGroup section */

/* Begin XCBuildConfiguration section */
		808FD0F825666E7700C3A6AC /* Debug */ = {
			isa = XCBuildConfiguration;
			buildSettings = {
				ALWAYS_SEARCH_USER_PATHS = NO;
				CLANG_ANALYZER_NONNULL = YES;
				CLANG_ANALYZER_NUMBER_OBJECT_CONVERSION = YES_AGGRESSIVE;
				CLANG_CXX_LANGUAGE_STANDARD = "gnu++14";
				CLANG_CXX_LIBRARY = "libc++";
				CLANG_ENABLE_MODULES = YES;
				CLANG_ENABLE_OBJC_ARC = YES;
				CLANG_ENABLE_OBJC_WEAK = YES;
				CLANG_WARN_BLOCK_CAPTURE_AUTORELEASING = YES;
				CLANG_WARN_BOOL_CONVERSION = YES;
				CLANG_WARN_COMMA = YES;
				CLANG_WARN_CONSTANT_CONVERSION = YES;
				CLANG_WARN_DEPRECATED_OBJC_IMPLEMENTATIONS = YES;
				CLANG_WARN_DIRECT_OBJC_ISA_USAGE = YES_ERROR;
				CLANG_WARN_DOCUMENTATION_COMMENTS = YES;
				CLANG_WARN_EMPTY_BODY = YES;
				CLANG_WARN_ENUM_CONVERSION = YES;
				CLANG_WARN_INFINITE_RECURSION = YES;
				CLANG_WARN_INT_CONVERSION = YES;
				CLANG_WARN_NON_LITERAL_NULL_CONVERSION = YES;
				CLANG_WARN_OBJC_IMPLICIT_RETAIN_SELF = YES;
				CLANG_WARN_OBJC_LITERAL_CONVERSION = YES;
				CLANG_WARN_OBJC_ROOT_CLASS = YES_ERROR;
				CLANG_WARN_QUOTED_INCLUDE_IN_FRAMEWORK_HEADER = YES;
				CLANG_WARN_RANGE_LOOP_ANALYSIS = YES;
				CLANG_WARN_STRICT_PROTOTYPES = YES;
				CLANG_WARN_SUSPICIOUS_MOVE = YES;
				CLANG_WARN_UNGUARDED_AVAILABILITY = YES_AGGRESSIVE;
				CLANG_WARN_UNREACHABLE_CODE = YES;
				CLANG_WARN__DUPLICATE_METHOD_MATCH = YES;
				COPY_PHASE_STRIP = NO;
				DEBUG_INFORMATION_FORMAT = dwarf;
				ENABLE_STRICT_OBJC_MSGSEND = YES;
				ENABLE_TESTABILITY = YES;
				GCC_C_LANGUAGE_STANDARD = gnu11;
				GCC_DYNAMIC_NO_PIC = NO;
				GCC_NO_COMMON_BLOCKS = YES;
				GCC_OPTIMIZATION_LEVEL = 0;
				GCC_PREPROCESSOR_DEFINITIONS = (
					"DEBUG=1",
					"$(inherited)",
				);
				GCC_WARN_64_TO_32_BIT_CONVERSION = YES;
				GCC_WARN_ABOUT_RETURN_TYPE = YES_ERROR;
				GCC_WARN_UNDECLARED_SELECTOR = YES;
				GCC_WARN_UNINITIALIZED_AUTOS = YES_AGGRESSIVE;
				GCC_WARN_UNUSED_FUNCTION = YES;
				GCC_WARN_UNUSED_VARIABLE = YES;
				IPHONEOS_DEPLOYMENT_TARGET = 14.0;
				MTL_ENABLE_DEBUG_INFO = INCLUDE_SOURCE;
				MTL_FAST_MATH = YES;
				ONLY_ACTIVE_ARCH = YES;
				SDKROOT = iphoneos;
				SWIFT_ACTIVE_COMPILATION_CONDITIONS = DEBUG;
				SWIFT_OPTIMIZATION_LEVEL = "-Onone";
			};
			name = Debug;
		};
		808FD0F925666E7700C3A6AC /* Release */ = {
			isa = XCBuildConfiguration;
			buildSettings = {
				ALWAYS_SEARCH_USER_PATHS = NO;
				CLANG_ANALYZER_NONNULL = YES;
				CLANG_ANALYZER_NUMBER_OBJECT_CONVERSION = YES_AGGRESSIVE;
				CLANG_CXX_LANGUAGE_STANDARD = "gnu++14";
				CLANG_CXX_LIBRARY = "libc++";
				CLANG_ENABLE_MODULES = YES;
				CLANG_ENABLE_OBJC_ARC = YES;
				CLANG_ENABLE_OBJC_WEAK = YES;
				CLANG_WARN_BLOCK_CAPTURE_AUTORELEASING = YES;
				CLANG_WARN_BOOL_CONVERSION = YES;
				CLANG_WARN_COMMA = YES;
				CLANG_WARN_CONSTANT_CONVERSION = YES;
				CLANG_WARN_DEPRECATED_OBJC_IMPLEMENTATIONS = YES;
				CLANG_WARN_DIRECT_OBJC_ISA_USAGE = YES_ERROR;
				CLANG_WARN_DOCUMENTATION_COMMENTS = YES;
				CLANG_WARN_EMPTY_BODY = YES;
				CLANG_WARN_ENUM_CONVERSION = YES;
				CLANG_WARN_INFINITE_RECURSION = YES;
				CLANG_WARN_INT_CONVERSION = YES;
				CLANG_WARN_NON_LITERAL_NULL_CONVERSION = YES;
				CLANG_WARN_OBJC_IMPLICIT_RETAIN_SELF = YES;
				CLANG_WARN_OBJC_LITERAL_CONVERSION = YES;
				CLANG_WARN_OBJC_ROOT_CLASS = YES_ERROR;
				CLANG_WARN_QUOTED_INCLUDE_IN_FRAMEWORK_HEADER = YES;
				CLANG_WARN_RANGE_LOOP_ANALYSIS = YES;
				CLANG_WARN_STRICT_PROTOTYPES = YES;
				CLANG_WARN_SUSPICIOUS_MOVE = YES;
				CLANG_WARN_UNGUARDED_AVAILABILITY = YES_AGGRESSIVE;
				CLANG_WARN_UNREACHABLE_CODE = YES;
				CLANG_WARN__DUPLICATE_METHOD_MATCH = YES;
				COPY_PHASE_STRIP = NO;
				DEBUG_INFORMATION_FORMAT = "dwarf-with-dsym";
				ENABLE_NS_ASSERTIONS = NO;
				ENABLE_STRICT_OBJC_MSGSEND = YES;
				GCC_C_LANGUAGE_STANDARD = gnu11;
				GCC_NO_COMMON_BLOCKS = YES;
				GCC_WARN_64_TO_32_BIT_CONVERSION = YES;
				GCC_WARN_ABOUT_RETURN_TYPE = YES_ERROR;
				GCC_WARN_UNDECLARED_SELECTOR = YES;
				GCC_WARN_UNINITIALIZED_AUTOS = YES_AGGRESSIVE;
				GCC_WARN_UNUSED_FUNCTION = YES;
				GCC_WARN_UNUSED_VARIABLE = YES;
				IPHONEOS_DEPLOYMENT_TARGET = 14.0;
				MTL_ENABLE_DEBUG_INFO = NO;
				MTL_FAST_MATH = YES;
				SDKROOT = iphoneos;
				SWIFT_COMPILATION_MODE = wholemodule;
				SWIFT_OPTIMIZATION_LEVEL = "-O";
				VALIDATE_PRODUCT = YES;
			};
			name = Release;
		};
		808FD0FB25666E7700C3A6AC /* Debug */ = {
			isa = XCBuildConfiguration;
			baseConfigurationReference = 384A452400DBAEDE20D609D8 /* Pods-TinderCloneFirestore.debug.xcconfig */;
			buildSettings = {
				ASSETCATALOG_COMPILER_APPICON_NAME = AppIcon;
				ASSETCATALOG_COMPILER_GLOBAL_ACCENT_COLOR_NAME = AccentColor;
				CODE_SIGN_STYLE = Automatic;
				INFOPLIST_FILE = TinderCloneFirestore/Info.plist;
				LD_RUNPATH_SEARCH_PATHS = (
					"$(inherited)",
					"@executable_path/Frameworks",
				);
				PRODUCT_BUNDLE_IDENTIFIER = com.pradeep.tinderclonefs.TinderCloneFirestore;
				PRODUCT_NAME = "$(TARGET_NAME)";
				SWIFT_VERSION = 5.0;
				TARGETED_DEVICE_FAMILY = "1,2";
			};
			name = Debug;
		};
		808FD0FC25666E7700C3A6AC /* Release */ = {
			isa = XCBuildConfiguration;
			baseConfigurationReference = 5A296F39F31F1E6F295EF7B7 /* Pods-TinderCloneFirestore.release.xcconfig */;
			buildSettings = {
				ASSETCATALOG_COMPILER_APPICON_NAME = AppIcon;
				ASSETCATALOG_COMPILER_GLOBAL_ACCENT_COLOR_NAME = AccentColor;
				CODE_SIGN_STYLE = Automatic;
				INFOPLIST_FILE = TinderCloneFirestore/Info.plist;
				LD_RUNPATH_SEARCH_PATHS = (
					"$(inherited)",
					"@executable_path/Frameworks",
				);
				PRODUCT_BUNDLE_IDENTIFIER = com.pradeep.tinderclonefs.TinderCloneFirestore;
				PRODUCT_NAME = "$(TARGET_NAME)";
				SWIFT_VERSION = 5.0;
				TARGETED_DEVICE_FAMILY = "1,2";
			};
			name = Release;
		};
/* End XCBuildConfiguration section */

/* Begin XCConfigurationList section */
		808FD0E125666E7400C3A6AC /* Build configuration list for PBXProject "TinderCloneFirestore" */ = {
			isa = XCConfigurationList;
			buildConfigurations = (
				808FD0F825666E7700C3A6AC /* Debug */,
				808FD0F925666E7700C3A6AC /* Release */,
			);
			defaultConfigurationIsVisible = 0;
			defaultConfigurationName = Release;
		};
		808FD0FA25666E7700C3A6AC /* Build configuration list for PBXNativeTarget "TinderCloneFirestore" */ = {
			isa = XCConfigurationList;
			buildConfigurations = (
				808FD0FB25666E7700C3A6AC /* Debug */,
				808FD0FC25666E7700C3A6AC /* Release */,
			);
			defaultConfigurationIsVisible = 0;
			defaultConfigurationName = Release;
		};
/* End XCConfigurationList section */
	};
	rootObject = 808FD0DE25666E7400C3A6AC /* Project object */;
}
